
Microsoft Visual Studio Solution File, Format Version 12.00
# Visual Studio Version 17
VisualStudioVersion = 17.9.34616.47
MinimumVisualStudioVersion = 10.0.40219.1
Project("{FAE04EC0-301F-11D3-BF4B-00C04F79EFBC}") = "WebApi", "WebApi\WebApi.csproj", "{EC4C9F78-3F1D-4FC8-96EE-10ADBF72408C}"
EndProject
Global
	GlobalSection(SolutionConfigurationPlatforms) = preSolution
		Debug|Any CPU = Debug|Any CPU
		Release|Any CPU = Release|Any CPU
	EndGlobalSection
	GlobalSection(ProjectConfigurationPlatforms) = postSolution
		{EC4C9F78-3F1D-4FC8-96EE-10ADBF72408C}.Debug|Any CPU.ActiveCfg = Debug|Any CPU
		{EC4C9F78-3F1D-4FC8-96EE-10ADBF72408C}.Debug|Any CPU.Build.0 = Debug|Any CPU
		{EC4C9F78-3F1D-4FC8-96EE-10ADBF72408C}.Release|Any CPU.ActiveCfg = Release|Any CPU
		{EC4C9F78-3F1D-4FC8-96EE-10ADBF72408C}.Release|Any CPU.Build.0 = Release|Any CPU
	EndGlobalSection
	GlobalSection(SolutionProperties) = preSolution
		HideSolutionNode = FALSE
	EndGlobalSection
	GlobalSection(ExtensibilityGlobals) = postSolution
		SolutionGuid = {384F1F4C-2069-437A-ABD2-2477505BF20C}
	EndGlobalSection
EndGlobal
